// !$*UTF8*$!
{
	archiveVersion = 1;
	classes = {
	};
	objectVersion = 70;
	objects = {

/* Begin PBXBuildFile section */
		66A3EE21FB20AEC1FC95B63D /* Pods_StorageService.framework in Frameworks */ = {isa = PBXBuildFile; fileRef = 8DB5F33A1C4DC8A4B2B3C1A6 /* Pods_StorageService.framework */; };
		A624EEAA2C3BA1C4007D86DF /* Coordinator.swift in Sources */ = {isa = PBXBuildFile; fileRef = A624EEA92C3BA1C4007D86DF /* Coordinator.swift */; };
		A624EEAC2C3BA20E007D86DF /* MainCoordinator.swift in Sources */ = {isa = PBXBuildFile; fileRef = A624EEAB2C3BA20E007D86DF /* MainCoordinator.swift */; };
		A624EEAF2C3BA25A007D86DF /* TabBarController.swift in Sources */ = {isa = PBXBuildFile; fileRef = A624EEAE2C3BA25A007D86DF /* TabBarController.swift */; };
		A624EEB12C3BC007007D86DF /* FeedCoordinator.swift in Sources */ = {isa = PBXBuildFile; fileRef = A624EEB02C3BC007007D86DF /* FeedCoordinator.swift */; };
		A624EEBF2C48266C007D86DF /* bruteForce.swift in Sources */ = {isa = PBXBuildFile; fileRef = A624EEBE2C48266C007D86DF /* bruteForce.swift */; };
		A632D2D42C3669C800A19C06 /* ProfileModel.swift in Sources */ = {isa = PBXBuildFile; fileRef = A632D2D32C3669C800A19C06 /* ProfileModel.swift */; };
		A645203B2BBECB1000F49279 /* InfoViewController.swift in Sources */ = {isa = PBXBuildFile; fileRef = A645203A2BBECB1000F49279 /* InfoViewController.swift */; };
		A675C2CD2BDB62690025465B /* PhotosTableViewCell.swift in Sources */ = {isa = PBXBuildFile; fileRef = A675C2CC2BDB62690025465B /* PhotosTableViewCell.swift */; };
		A675C2CF2BDB80B00025465B /* PhotosViewController.swift in Sources */ = {isa = PBXBuildFile; fileRef = A675C2CE2BDB80B00025465B /* PhotosViewController.swift */; };
		A675C2D12BDB81B20025465B /* PhotosCollectionViewCell.swift in Sources */ = {isa = PBXBuildFile; fileRef = A675C2D02BDB81B20025465B /* PhotosCollectionViewCell.swift */; };
		A675C2D52BDB9B980025465B /* Photo.swift in Sources */ = {isa = PBXBuildFile; fileRef = A675C2D42BDB9B980025465B /* Photo.swift */; };
		A68102B82C2D28620064471B /* iOSIntPackage in Frameworks */ = {isa = PBXBuildFile; productRef = A68102B72C2D28620064471B /* iOSIntPackage */; };
		A68102BE2C2FE6530064471B /* CustomButton.swift in Sources */ = {isa = PBXBuildFile; fileRef = A68102BD2C2FE6530064471B /* CustomButton.swift */; };
		A681A8242C51581800FDD4D3 /* Error.swift in Sources */ = {isa = PBXBuildFile; fileRef = A681A8232C51581800FDD4D3 /* Error.swift */; };
		A681A8252C51608F00FDD4D3 /* Post.swift in Sources */ = {isa = PBXBuildFile; fileRef = A6FFAE572BD4F34500D76E93 /* Post.swift */; };
		A681A8272C5161BF00FDD4D3 /* NetworkService.swift in Sources */ = {isa = PBXBuildFile; fileRef = A681A8262C5161BF00FDD4D3 /* NetworkService.swift */; };
		A686C1C72C6664F1006A381F /* NetworkManager.swift in Sources */ = {isa = PBXBuildFile; fileRef = A686C1C62C6664F1006A381F /* NetworkManager.swift */; };
		A686C1CB2C71FA09006A381F /* GoogleService-Info.plist in Resources */ = {isa = PBXBuildFile; fileRef = A686C1CA2C71FA09006A381F /* GoogleService-Info.plist */; };
		A686C1CD2C720295006A381F /* CheckerService.swift in Sources */ = {isa = PBXBuildFile; fileRef = A686C1CC2C720295006A381F /* CheckerService.swift */; };
		A6B8773A2BCCE4810071700D /* ProfileTableHeaderView.swift in Sources */ = {isa = PBXBuildFile; fileRef = A6B877392BCCE4810071700D /* ProfileTableHeaderView.swift */; };
		A6C070612BBE97BE000F46B8 /* AppDelegate.swift in Sources */ = {isa = PBXBuildFile; fileRef = A6C070602BBE97BE000F46B8 /* AppDelegate.swift */; };
		A6C070632BBE97BE000F46B8 /* SceneDelegate.swift in Sources */ = {isa = PBXBuildFile; fileRef = A6C070622BBE97BE000F46B8 /* SceneDelegate.swift */; };
		A6C0706A2BBE97BF000F46B8 /* Assets.xcassets in Resources */ = {isa = PBXBuildFile; fileRef = A6C070692BBE97BF000F46B8 /* Assets.xcassets */; };
		A6C0706D2BBE97BF000F46B8 /* Base in Resources */ = {isa = PBXBuildFile; fileRef = A6C0706C2BBE97BF000F46B8 /* Base */; };
		A6C070852BBEA8C0000F46B8 /* FeedViewController.swift in Sources */ = {isa = PBXBuildFile; fileRef = A6C070842BBEA8C0000F46B8 /* FeedViewController.swift */; };
		A6C070872BBEA918000F46B8 /* ProfileViewController.swift in Sources */ = {isa = PBXBuildFile; fileRef = A6C070862BBEA918000F46B8 /* ProfileViewController.swift */; };
		A6C0708A2BBEA961000F46B8 /* PostViewController.swift in Sources */ = {isa = PBXBuildFile; fileRef = A6C070892BBEA961000F46B8 /* PostViewController.swift */; };
		A6C0BDAE2C53E4DF00751379 /* PlayerVC.swift in Sources */ = {isa = PBXBuildFile; fileRef = A6C0BDAD2C53E4DF00751379 /* PlayerVC.swift */; };
		A6C0BDB12C53E99000751379 /* Queen.mp3 in Resources */ = {isa = PBXBuildFile; fileRef = A6C0BDB02C53E99000751379 /* Queen.mp3 */; };
		A6C0BDB82C53EE1800751379 /* itsMyLife.mp3 in Resources */ = {isa = PBXBuildFile; fileRef = A6C0BDB32C53EE1700751379 /* itsMyLife.mp3 */; };
		A6C0BDBA2C53EE1800751379 /* paradiseCity.mp3 in Resources */ = {isa = PBXBuildFile; fileRef = A6C0BDB52C53EE1800751379 /* paradiseCity.mp3 */; };
		A6C0BDBB2C53EE1800751379 /* moscowCalling.mp3 in Resources */ = {isa = PBXBuildFile; fileRef = A6C0BDB62C53EE1800751379 /* moscowCalling.mp3 */; };
		A6C0BDBC2C53EE1800751379 /* insideOfMe.mp3 in Resources */ = {isa = PBXBuildFile; fileRef = A6C0BDB72C53EE1800751379 /* insideOfMe.mp3 */; };
		A6C0BDBE2C53F37A00751379 /* Deutschland.mp3 in Resources */ = {isa = PBXBuildFile; fileRef = A6C0BDBD2C53F37A00751379 /* Deutschland.mp3 */; };
		A6C815212C18BB5B0017B8F4 /* StorageService.h in Headers */ = {isa = PBXBuildFile; fileRef = A6C815202C18BB5B0017B8F4 /* StorageService.h */; settings = {ATTRIBUTES = (Public, ); }; };
		A6C815242C18BB5B0017B8F4 /* StorageService.framework in Frameworks */ = {isa = PBXBuildFile; fileRef = A6C8151E2C18BB5B0017B8F4 /* StorageService.framework */; };
		A6C815252C18BB5B0017B8F4 /* StorageService.framework in Embed Frameworks */ = {isa = PBXBuildFile; fileRef = A6C8151E2C18BB5B0017B8F4 /* StorageService.framework */; settings = {ATTRIBUTES = (CodeSignOnCopy, RemoveHeadersOnCopy, ); }; };
		A6CE962E2C21F0B8006C9B2C /* User.swift in Sources */ = {isa = PBXBuildFile; fileRef = A6CE962D2C21F0B8006C9B2C /* User.swift */; };
		A6CE963B2C29E75E006C9B2C /* Checker.swift in Sources */ = {isa = PBXBuildFile; fileRef = A6CE963A2C29E75E006C9B2C /* Checker.swift */; };
		A6CE963D2C2BE04F006C9B2C /* LoginInspector.swift in Sources */ = {isa = PBXBuildFile; fileRef = A6CE963C2C2BE04F006C9B2C /* LoginInspector.swift */; };
		A6DCB3412C831847003EAACE /* FavoriiteViewController.swift in Sources */ = {isa = PBXBuildFile; fileRef = A6DCB3402C831847003EAACE /* FavoriiteViewController.swift */; };
		A6DCB3432C831C76003EAACE /* CoreDataManager.swift in Sources */ = {isa = PBXBuildFile; fileRef = A6DCB3422C831C76003EAACE /* CoreDataManager.swift */; };
		A6DCB36D2C831D11003EAACE /* CoreDataModel.xcdatamodeld in Sources */ = {isa = PBXBuildFile; fileRef = A6DCB36B2C831D11003EAACE /* CoreDataModel.xcdatamodeld */; };
		A6FFAE562BD28FD600D76E93 /* LogInViewController.swift in Sources */ = {isa = PBXBuildFile; fileRef = A6FFAE552BD28FD600D76E93 /* LogInViewController.swift */; };
		A6FFAE5A2BD6744300D76E93 /* PostTableViewCell.swift in Sources */ = {isa = PBXBuildFile; fileRef = A6FFAE592BD6744300D76E93 /* PostTableViewCell.swift */; };
		F828414B5867CCA83038340D /* Pods_Navigation.framework in Frameworks */ = {isa = PBXBuildFile; fileRef = E55AAA83451AF00E2D7EC80E /* Pods_Navigation.framework */; };
/* End PBXBuildFile section */

/* Begin PBXContainerItemProxy section */
		A6C2BA8E2CC1559C00233BCC /* PBXContainerItemProxy */ = {
			isa = PBXContainerItemProxy;
			containerPortal = A6C070552BBE97BE000F46B8 /* Project object */;
			proxyType = 1;
			remoteGlobalIDString = A6C0705C2BBE97BE000F46B8;
			remoteInfo = Navigation;
		};
		A6C815222C18BB5B0017B8F4 /* PBXContainerItemProxy */ = {
			isa = PBXContainerItemProxy;
			containerPortal = A6C070552BBE97BE000F46B8 /* Project object */;
			proxyType = 1;
			remoteGlobalIDString = A6C8151D2C18BB5B0017B8F4;
			remoteInfo = StorageService;
		};
/* End PBXContainerItemProxy section */

/* Begin PBXCopyFilesBuildPhase section */
		A6C815102C18BAEB0017B8F4 /* Embed Frameworks */ = {
			isa = PBXCopyFilesBuildPhase;
			buildActionMask = 2147483647;
			dstPath = "";
			dstSubfolderSpec = 10;
			files = (
				A6C815252C18BB5B0017B8F4 /* StorageService.framework in Embed Frameworks */,
			);
			name = "Embed Frameworks";
			runOnlyForDeploymentPostprocessing = 0;
		};
/* End PBXCopyFilesBuildPhase section */

/* Begin PBXFileReference section */
		11659D834030D8F6C65276CF /* Pods-Navigation.release.xcconfig */ = {isa = PBXFileReference; includeInIndex = 1; lastKnownFileType = text.xcconfig; name = "Pods-Navigation.release.xcconfig"; path = "Target Support Files/Pods-Navigation/Pods-Navigation.release.xcconfig"; sourceTree = "<group>"; };
		8AD4B147A02C044EBD707A64 /* Pods-StorageService.debug.xcconfig */ = {isa = PBXFileReference; includeInIndex = 1; lastKnownFileType = text.xcconfig; name = "Pods-StorageService.debug.xcconfig"; path = "Target Support Files/Pods-StorageService/Pods-StorageService.debug.xcconfig"; sourceTree = "<group>"; };
		8DB5F33A1C4DC8A4B2B3C1A6 /* Pods_StorageService.framework */ = {isa = PBXFileReference; explicitFileType = wrapper.framework; includeInIndex = 0; path = Pods_StorageService.framework; sourceTree = BUILT_PRODUCTS_DIR; };
		A19A07B1A46342A2C2D1FA68 /* Pods-Navigation.debug.xcconfig */ = {isa = PBXFileReference; includeInIndex = 1; lastKnownFileType = text.xcconfig; name = "Pods-Navigation.debug.xcconfig"; path = "Target Support Files/Pods-Navigation/Pods-Navigation.debug.xcconfig"; sourceTree = "<group>"; };
		A624EEA92C3BA1C4007D86DF /* Coordinator.swift */ = {isa = PBXFileReference; lastKnownFileType = sourcecode.swift; path = Coordinator.swift; sourceTree = "<group>"; };
		A624EEAB2C3BA20E007D86DF /* MainCoordinator.swift */ = {isa = PBXFileReference; lastKnownFileType = sourcecode.swift; path = MainCoordinator.swift; sourceTree = "<group>"; };
		A624EEAE2C3BA25A007D86DF /* TabBarController.swift */ = {isa = PBXFileReference; lastKnownFileType = sourcecode.swift; path = TabBarController.swift; sourceTree = "<group>"; };
		A624EEB02C3BC007007D86DF /* FeedCoordinator.swift */ = {isa = PBXFileReference; lastKnownFileType = sourcecode.swift; path = FeedCoordinator.swift; sourceTree = "<group>"; };
		A624EEBE2C48266C007D86DF /* bruteForce.swift */ = {isa = PBXFileReference; lastKnownFileType = sourcecode.swift; path = bruteForce.swift; sourceTree = "<group>"; };
		A632D2D32C3669C800A19C06 /* ProfileModel.swift */ = {isa = PBXFileReference; lastKnownFileType = sourcecode.swift; path = ProfileModel.swift; sourceTree = "<group>"; };
		A645203A2BBECB1000F49279 /* InfoViewController.swift */ = {isa = PBXFileReference; lastKnownFileType = sourcecode.swift; path = InfoViewController.swift; sourceTree = "<group>"; };
		A675C2CC2BDB62690025465B /* PhotosTableViewCell.swift */ = {isa = PBXFileReference; lastKnownFileType = sourcecode.swift; path = PhotosTableViewCell.swift; sourceTree = "<group>"; };
		A675C2CE2BDB80B00025465B /* PhotosViewController.swift */ = {isa = PBXFileReference; lastKnownFileType = sourcecode.swift; path = PhotosViewController.swift; sourceTree = "<group>"; };
		A675C2D02BDB81B20025465B /* PhotosCollectionViewCell.swift */ = {isa = PBXFileReference; lastKnownFileType = sourcecode.swift; path = PhotosCollectionViewCell.swift; sourceTree = "<group>"; };
		A675C2D42BDB9B980025465B /* Photo.swift */ = {isa = PBXFileReference; lastKnownFileType = sourcecode.swift; path = Photo.swift; sourceTree = "<group>"; };
		A68102BD2C2FE6530064471B /* CustomButton.swift */ = {isa = PBXFileReference; lastKnownFileType = sourcecode.swift; path = CustomButton.swift; sourceTree = "<group>"; };
		A681A8232C51581800FDD4D3 /* Error.swift */ = {isa = PBXFileReference; lastKnownFileType = sourcecode.swift; path = Error.swift; sourceTree = "<group>"; };
		A681A8262C5161BF00FDD4D3 /* NetworkService.swift */ = {isa = PBXFileReference; lastKnownFileType = sourcecode.swift; path = NetworkService.swift; sourceTree = "<group>"; };
		A686C1C62C6664F1006A381F /* NetworkManager.swift */ = {isa = PBXFileReference; lastKnownFileType = sourcecode.swift; path = NetworkManager.swift; sourceTree = "<group>"; };
		A686C1CA2C71FA09006A381F /* GoogleService-Info.plist */ = {isa = PBXFileReference; fileEncoding = 4; lastKnownFileType = text.plist.xml; path = "GoogleService-Info.plist"; sourceTree = "<group>"; };
		A686C1CC2C720295006A381F /* CheckerService.swift */ = {isa = PBXFileReference; lastKnownFileType = sourcecode.swift; path = CheckerService.swift; sourceTree = "<group>"; };
		A6B877392BCCE4810071700D /* ProfileTableHeaderView.swift */ = {isa = PBXFileReference; lastKnownFileType = sourcecode.swift; path = ProfileTableHeaderView.swift; sourceTree = "<group>"; };
		A6C0705D2BBE97BE000F46B8 /* Navigation.app */ = {isa = PBXFileReference; explicitFileType = wrapper.application; includeInIndex = 0; path = Navigation.app; sourceTree = BUILT_PRODUCTS_DIR; };
		A6C070602BBE97BE000F46B8 /* AppDelegate.swift */ = {isa = PBXFileReference; lastKnownFileType = sourcecode.swift; path = AppDelegate.swift; sourceTree = "<group>"; };
		A6C070622BBE97BE000F46B8 /* SceneDelegate.swift */ = {isa = PBXFileReference; lastKnownFileType = sourcecode.swift; path = SceneDelegate.swift; sourceTree = "<group>"; };
		A6C070692BBE97BF000F46B8 /* Assets.xcassets */ = {isa = PBXFileReference; lastKnownFileType = folder.assetcatalog; path = Assets.xcassets; sourceTree = "<group>"; };
		A6C0706C2BBE97BF000F46B8 /* Base */ = {isa = PBXFileReference; lastKnownFileType = file.storyboard; name = Base; path = Base.lproj/LaunchScreen.storyboard; sourceTree = "<group>"; };
		A6C0706E2BBE97BF000F46B8 /* Info.plist */ = {isa = PBXFileReference; lastKnownFileType = text.plist.xml; path = Info.plist; sourceTree = "<group>"; };
		A6C070842BBEA8C0000F46B8 /* FeedViewController.swift */ = {isa = PBXFileReference; lastKnownFileType = sourcecode.swift; path = FeedViewController.swift; sourceTree = "<group>"; };
		A6C070862BBEA918000F46B8 /* ProfileViewController.swift */ = {isa = PBXFileReference; lastKnownFileType = sourcecode.swift; path = ProfileViewController.swift; sourceTree = "<group>"; };
		A6C070892BBEA961000F46B8 /* PostViewController.swift */ = {isa = PBXFileReference; lastKnownFileType = sourcecode.swift; path = PostViewController.swift; sourceTree = "<group>"; };
		A6C0BDAD2C53E4DF00751379 /* PlayerVC.swift */ = {isa = PBXFileReference; lastKnownFileType = sourcecode.swift; path = PlayerVC.swift; sourceTree = "<group>"; };
		A6C0BDB02C53E99000751379 /* Queen.mp3 */ = {isa = PBXFileReference; lastKnownFileType = audio.mp3; path = Queen.mp3; sourceTree = "<group>"; };
		A6C0BDB32C53EE1700751379 /* itsMyLife.mp3 */ = {isa = PBXFileReference; lastKnownFileType = audio.mp3; path = itsMyLife.mp3; sourceTree = "<group>"; };
		A6C0BDB52C53EE1800751379 /* paradiseCity.mp3 */ = {isa = PBXFileReference; lastKnownFileType = audio.mp3; path = paradiseCity.mp3; sourceTree = "<group>"; };
		A6C0BDB62C53EE1800751379 /* moscowCalling.mp3 */ = {isa = PBXFileReference; lastKnownFileType = audio.mp3; path = moscowCalling.mp3; sourceTree = "<group>"; };
		A6C0BDB72C53EE1800751379 /* insideOfMe.mp3 */ = {isa = PBXFileReference; lastKnownFileType = audio.mp3; path = insideOfMe.mp3; sourceTree = "<group>"; };
		A6C0BDBD2C53F37A00751379 /* Deutschland.mp3 */ = {isa = PBXFileReference; lastKnownFileType = audio.mp3; path = Deutschland.mp3; sourceTree = "<group>"; };
		A6C2BA8A2CC1559C00233BCC /* FeedViewModelTests.xctest */ = {isa = PBXFileReference; explicitFileType = wrapper.cfbundle; includeInIndex = 0; path = FeedViewModelTests.xctest; sourceTree = BUILT_PRODUCTS_DIR; };
		A6C814FB2C18BAEB0017B8F4 /* StorageService.h */ = {isa = PBXFileReference; lastKnownFileType = sourcecode.c.h; path = StorageService.h; sourceTree = "<group>"; };
		A6C814FC2C18BAEB0017B8F4 /* StorageService.docc */ = {isa = PBXFileReference; lastKnownFileType = folder.documentationcatalog; path = StorageService.docc; sourceTree = "<group>"; };
		A6C815092C18BAEB0017B8F4 /* StorageServiceTests.swift */ = {isa = PBXFileReference; lastKnownFileType = sourcecode.swift; path = StorageServiceTests.swift; sourceTree = "<group>"; };
		A6C8151E2C18BB5B0017B8F4 /* StorageService.framework */ = {isa = PBXFileReference; explicitFileType = wrapper.framework; includeInIndex = 0; path = StorageService.framework; sourceTree = BUILT_PRODUCTS_DIR; };
		A6C815202C18BB5B0017B8F4 /* StorageService.h */ = {isa = PBXFileReference; lastKnownFileType = sourcecode.c.h; path = StorageService.h; sourceTree = "<group>"; };
		A6CE962D2C21F0B8006C9B2C /* User.swift */ = {isa = PBXFileReference; lastKnownFileType = sourcecode.swift; path = User.swift; sourceTree = "<group>"; };
		A6CE963A2C29E75E006C9B2C /* Checker.swift */ = {isa = PBXFileReference; lastKnownFileType = sourcecode.swift; path = Checker.swift; sourceTree = "<group>"; };
		A6CE963C2C2BE04F006C9B2C /* LoginInspector.swift */ = {isa = PBXFileReference; lastKnownFileType = sourcecode.swift; path = LoginInspector.swift; sourceTree = "<group>"; };
		A6DCB3402C831847003EAACE /* FavoriiteViewController.swift */ = {isa = PBXFileReference; lastKnownFileType = sourcecode.swift; path = FavoriiteViewController.swift; sourceTree = "<group>"; };
		A6DCB3422C831C76003EAACE /* CoreDataManager.swift */ = {isa = PBXFileReference; lastKnownFileType = sourcecode.swift; path = CoreDataManager.swift; sourceTree = "<group>"; };
		A6DCB36C2C831D11003EAACE /* CoreDataModel.xcdatamodel */ = {isa = PBXFileReference; lastKnownFileType = wrapper.xcdatamodel; path = CoreDataModel.xcdatamodel; sourceTree = "<group>"; };
		A6FFAE552BD28FD600D76E93 /* LogInViewController.swift */ = {isa = PBXFileReference; lastKnownFileType = sourcecode.swift; path = LogInViewController.swift; sourceTree = "<group>"; };
		A6FFAE572BD4F34500D76E93 /* Post.swift */ = {isa = PBXFileReference; lastKnownFileType = sourcecode.swift; path = Post.swift; sourceTree = "<group>"; };
		A6FFAE592BD6744300D76E93 /* PostTableViewCell.swift */ = {isa = PBXFileReference; lastKnownFileType = sourcecode.swift; path = PostTableViewCell.swift; sourceTree = "<group>"; };
		E55AAA83451AF00E2D7EC80E /* Pods_Navigation.framework */ = {isa = PBXFileReference; explicitFileType = wrapper.framework; includeInIndex = 0; path = Pods_Navigation.framework; sourceTree = BUILT_PRODUCTS_DIR; };
		F38EA49D72EFE983FAB5C1C2 /* Pods-StorageService.release.xcconfig */ = {isa = PBXFileReference; includeInIndex = 1; lastKnownFileType = text.xcconfig; name = "Pods-StorageService.release.xcconfig"; path = "Target Support Files/Pods-StorageService/Pods-StorageService.release.xcconfig"; sourceTree = "<group>"; };
/* End PBXFileReference section */

/* Begin PBXFileSystemSynchronizedRootGroup section */
		A6C2BA8B2CC1559C00233BCC /* FeedViewModelTests */ = {isa = PBXFileSystemSynchronizedRootGroup; explicitFileTypes = {}; explicitFolders = (); path = FeedViewModelTests; sourceTree = "<group>"; };
/* End PBXFileSystemSynchronizedRootGroup section */

/* Begin PBXFrameworksBuildPhase section */
		A6C0705A2BBE97BE000F46B8 /* Frameworks */ = {
			isa = PBXFrameworksBuildPhase;
			buildActionMask = 2147483647;
			files = (
				A6C815242C18BB5B0017B8F4 /* StorageService.framework in Frameworks */,
				A68102B82C2D28620064471B /* iOSIntPackage in Frameworks */,
				F828414B5867CCA83038340D /* Pods_Navigation.framework in Frameworks */,
			);
			runOnlyForDeploymentPostprocessing = 0;
		};
		A6C2BA872CC1559C00233BCC /* Frameworks */ = {
			isa = PBXFrameworksBuildPhase;
			buildActionMask = 2147483647;
			files = (
			);
			runOnlyForDeploymentPostprocessing = 0;
		};
		A6C8151B2C18BB5B0017B8F4 /* Frameworks */ = {
			isa = PBXFrameworksBuildPhase;
			buildActionMask = 2147483647;
			files = (
				66A3EE21FB20AEC1FC95B63D /* Pods_StorageService.framework in Frameworks */,
			);
			runOnlyForDeploymentPostprocessing = 0;
		};
/* End PBXFrameworksBuildPhase section */

/* Begin PBXGroup section */
		56B256B10BAF8B68539EE577 /* Frameworks */ = {
			isa = PBXGroup;
			children = (
				E55AAA83451AF00E2D7EC80E /* Pods_Navigation.framework */,
				8DB5F33A1C4DC8A4B2B3C1A6 /* Pods_StorageService.framework */,
			);
			name = Frameworks;
			sourceTree = "<group>";
		};
		A624EEA82C3BA197007D86DF /* Coordinators */ = {
			isa = PBXGroup;
			children = (
				A624EEA92C3BA1C4007D86DF /* Coordinator.swift */,
				A624EEAB2C3BA20E007D86DF /* MainCoordinator.swift */,
				A624EEB02C3BC007007D86DF /* FeedCoordinator.swift */,
			);
			path = Coordinators;
			sourceTree = "<group>";
		};
		A624EEAD2C3BA24B007D86DF /* Controllers */ = {
			isa = PBXGroup;
			children = (
				A624EEAE2C3BA25A007D86DF /* TabBarController.swift */,
			);
			path = Controllers;
			sourceTree = "<group>";
		};
		A675C2D22BDB988C0025465B /* photoGallery */ = {
			isa = PBXGroup;
			children = (
				A675C2CC2BDB62690025465B /* PhotosTableViewCell.swift */,
				A675C2D02BDB81B20025465B /* PhotosCollectionViewCell.swift */,
				A675C2CE2BDB80B00025465B /* PhotosViewController.swift */,
				A675C2D42BDB9B980025465B /* Photo.swift */,
			);
			path = photoGallery;
			sourceTree = "<group>";
		};
		A675C2D32BDB98A90025465B /* loginView */ = {
			isa = PBXGroup;
			children = (
				A6FFAE552BD28FD600D76E93 /* LogInViewController.swift */,
				A624EEBE2C48266C007D86DF /* bruteForce.swift */,
				A686C1CC2C720295006A381F /* CheckerService.swift */,
			);
			path = loginView;
			sourceTree = "<group>";
		};
		A6B877382BCCE46D0071700D /* Profile */ = {
			isa = PBXGroup;
			children = (
				A675C2D32BDB98A90025465B /* loginView */,
				A675C2D22BDB988C0025465B /* photoGallery */,
				A6B877392BCCE4810071700D /* ProfileTableHeaderView.swift */,
				A6C070862BBEA918000F46B8 /* ProfileViewController.swift */,
				A6FFAE592BD6744300D76E93 /* PostTableViewCell.swift */,
				A68102BD2C2FE6530064471B /* CustomButton.swift */,
				A632D2D32C3669C800A19C06 /* ProfileModel.swift */,
				A6FFAE572BD4F34500D76E93 /* Post.swift */,
				A6DCB3402C831847003EAACE /* FavoriiteViewController.swift */,
			);
			path = Profile;
			sourceTree = "<group>";
		};
		A6C070542BBE97BE000F46B8 = {
			isa = PBXGroup;
			children = (
				A6C0705F2BBE97BE000F46B8 /* Navigation */,
				A6C814FA2C18BAEB0017B8F4 /* StorageService */,
				A6C815082C18BAEB0017B8F4 /* StorageServiceTests */,
				A6C8151F2C18BB5B0017B8F4 /* StorageService */,
				A6C2BA8B2CC1559C00233BCC /* FeedViewModelTests */,
				A6C0705E2BBE97BE000F46B8 /* Products */,
				D6E3A25E37ED2252B8CC8CE2 /* Pods */,
				56B256B10BAF8B68539EE577 /* Frameworks */,
			);
			sourceTree = "<group>";
		};
		A6C0705E2BBE97BE000F46B8 /* Products */ = {
			isa = PBXGroup;
			children = (
				A6C0705D2BBE97BE000F46B8 /* Navigation.app */,
				A6C8151E2C18BB5B0017B8F4 /* StorageService.framework */,
				A6C2BA8A2CC1559C00233BCC /* FeedViewModelTests.xctest */,
			);
			name = Products;
			sourceTree = "<group>";
		};
		A6C0705F2BBE97BE000F46B8 /* Navigation */ = {
			isa = PBXGroup;
			children = (
				A6DCB3672C831CC6003EAACE /* CoreData */,
				A6C0BDAF2C53E98400751379 /* Player */,
				A624EEAD2C3BA24B007D86DF /* Controllers */,
				A624EEA82C3BA197007D86DF /* Coordinators */,
				A6CE962C2C21F0AE006C9B2C /* User */,
				A6B877382BCCE46D0071700D /* Profile */,
				A6C070602BBE97BE000F46B8 /* AppDelegate.swift */,
				A6C070622BBE97BE000F46B8 /* SceneDelegate.swift */,
				A6C070842BBEA8C0000F46B8 /* FeedViewController.swift */,
				A6C070692BBE97BF000F46B8 /* Assets.xcassets */,
				A6C0706B2BBE97BF000F46B8 /* LaunchScreen.storyboard */,
				A6C0706E2BBE97BF000F46B8 /* Info.plist */,
				A6C070892BBEA961000F46B8 /* PostViewController.swift */,
				A645203A2BBECB1000F49279 /* InfoViewController.swift */,
				A6CE963A2C29E75E006C9B2C /* Checker.swift */,
				A6CE963C2C2BE04F006C9B2C /* LoginInspector.swift */,
				A681A8232C51581800FDD4D3 /* Error.swift */,
				A681A8262C5161BF00FDD4D3 /* NetworkService.swift */,
				A686C1C62C6664F1006A381F /* NetworkManager.swift */,
				A686C1CA2C71FA09006A381F /* GoogleService-Info.plist */,
			);
			path = Navigation;
			sourceTree = "<group>";
		};
		A6C0BDAF2C53E98400751379 /* Player */ = {
			isa = PBXGroup;
			children = (
				A6C0BDB22C53EE0A00751379 /* Music */,
				A6C0BDAD2C53E4DF00751379 /* PlayerVC.swift */,
			);
			path = Player;
			sourceTree = "<group>";
		};
		A6C0BDB22C53EE0A00751379 /* Music */ = {
			isa = PBXGroup;
			children = (
				A6C0BDBD2C53F37A00751379 /* Deutschland.mp3 */,
				A6C0BDB72C53EE1800751379 /* insideOfMe.mp3 */,
				A6C0BDB32C53EE1700751379 /* itsMyLife.mp3 */,
				A6C0BDB62C53EE1800751379 /* moscowCalling.mp3 */,
				A6C0BDB52C53EE1800751379 /* paradiseCity.mp3 */,
				A6C0BDB02C53E99000751379 /* Queen.mp3 */,
			);
			path = Music;
			sourceTree = "<group>";
		};
		A6C814FA2C18BAEB0017B8F4 /* StorageService */ = {
			isa = PBXGroup;
			children = (
				A6C814FB2C18BAEB0017B8F4 /* StorageService.h */,
				A6C814FC2C18BAEB0017B8F4 /* StorageService.docc */,
			);
			path = StorageService;
			sourceTree = "<group>";
		};
		A6C815082C18BAEB0017B8F4 /* StorageServiceTests */ = {
			isa = PBXGroup;
			children = (
				A6C815092C18BAEB0017B8F4 /* StorageServiceTests.swift */,
			);
			path = StorageServiceTests;
			sourceTree = "<group>";
		};
		A6C8151F2C18BB5B0017B8F4 /* StorageService */ = {
			isa = PBXGroup;
			children = (
				A6C815202C18BB5B0017B8F4 /* StorageService.h */,
			);
			path = StorageService;
			sourceTree = "<group>";
		};
		A6CE962C2C21F0AE006C9B2C /* User */ = {
			isa = PBXGroup;
			children = (
				A6CE962D2C21F0B8006C9B2C /* User.swift */,
			);
			path = User;
			sourceTree = "<group>";
		};
		A6DCB3672C831CC6003EAACE /* CoreData */ = {
			isa = PBXGroup;
			children = (
				A6DCB3422C831C76003EAACE /* CoreDataManager.swift */,
				A6DCB36B2C831D11003EAACE /* CoreDataModel.xcdatamodeld */,
			);
			path = CoreData;
			sourceTree = "<group>";
		};
		D6E3A25E37ED2252B8CC8CE2 /* Pods */ = {
			isa = PBXGroup;
			children = (
				A19A07B1A46342A2C2D1FA68 /* Pods-Navigation.debug.xcconfig */,
				11659D834030D8F6C65276CF /* Pods-Navigation.release.xcconfig */,
				8AD4B147A02C044EBD707A64 /* Pods-StorageService.debug.xcconfig */,
				F38EA49D72EFE983FAB5C1C2 /* Pods-StorageService.release.xcconfig */,
			);
			path = Pods;
			sourceTree = "<group>";
		};
/* End PBXGroup section */

/* Begin PBXHeadersBuildPhase section */
		A6C815192C18BB5B0017B8F4 /* Headers */ = {
			isa = PBXHeadersBuildPhase;
			buildActionMask = 2147483647;
			files = (
				A6C815212C18BB5B0017B8F4 /* StorageService.h in Headers */,
			);
			runOnlyForDeploymentPostprocessing = 0;
		};
/* End PBXHeadersBuildPhase section */

/* Begin PBXNativeTarget section */
		A6C0705C2BBE97BE000F46B8 /* Navigation */ = {
			isa = PBXNativeTarget;
			buildConfigurationList = A6C070712BBE97BF000F46B8 /* Build configuration list for PBXNativeTarget "Navigation" */;
			buildPhases = (
				38282F3D8020DF1DDE42F1A7 /* [CP] Check Pods Manifest.lock */,
				A6C070592BBE97BE000F46B8 /* Sources */,
				A6C0705A2BBE97BE000F46B8 /* Frameworks */,
				A6C0705B2BBE97BE000F46B8 /* Resources */,
				A6C815102C18BAEB0017B8F4 /* Embed Frameworks */,
				F63FC529477DE09F32AD60F8 /* [CP] Embed Pods Frameworks */,
			);
			buildRules = (
			);
			dependencies = (
				A6C815232C18BB5B0017B8F4 /* PBXTargetDependency */,
			);
			name = Navigation;
			packageProductDependencies = (
				A68102B72C2D28620064471B /* iOSIntPackage */,
			);
			productName = Navigation;
			productReference = A6C0705D2BBE97BE000F46B8 /* Navigation.app */;
			productType = "com.apple.product-type.application";
		};
		A6C2BA892CC1559C00233BCC /* FeedViewModelTests */ = {
			isa = PBXNativeTarget;
			buildConfigurationList = A6C2BA902CC1559C00233BCC /* Build configuration list for PBXNativeTarget "FeedViewModelTests" */;
			buildPhases = (
				A6C2BA862CC1559C00233BCC /* Sources */,
				A6C2BA872CC1559C00233BCC /* Frameworks */,
				A6C2BA882CC1559C00233BCC /* Resources */,
			);
			buildRules = (
			);
			dependencies = (
				A6C2BA8F2CC1559C00233BCC /* PBXTargetDependency */,
			);
			fileSystemSynchronizedGroups = (
				A6C2BA8B2CC1559C00233BCC /* FeedViewModelTests */,
			);
			name = FeedViewModelTests;
			packageProductDependencies = (
			);
			productName = FeedViewModelTests;
			productReference = A6C2BA8A2CC1559C00233BCC /* FeedViewModelTests.xctest */;
			productType = "com.apple.product-type.bundle.unit-test";
		};
		A6C8151D2C18BB5B0017B8F4 /* StorageService */ = {
			isa = PBXNativeTarget;
			buildConfigurationList = A6C815262C18BB5B0017B8F4 /* Build configuration list for PBXNativeTarget "StorageService" */;
			buildPhases = (
				C384B3D13C000E9AFC599588 /* [CP] Check Pods Manifest.lock */,
				A6C815192C18BB5B0017B8F4 /* Headers */,
				A6C8151A2C18BB5B0017B8F4 /* Sources */,
				A6C8151B2C18BB5B0017B8F4 /* Frameworks */,
				A6C8151C2C18BB5B0017B8F4 /* Resources */,
			);
			buildRules = (
			);
			dependencies = (
			);
			name = StorageService;
			productName = StorageService;
			productReference = A6C8151E2C18BB5B0017B8F4 /* StorageService.framework */;
			productType = "com.apple.product-type.framework";
		};
/* End PBXNativeTarget section */

/* Begin PBXProject section */
		A6C070552BBE97BE000F46B8 /* Project object */ = {
			isa = PBXProject;
			attributes = {
				BuildIndependentTargetsInParallel = 1;
				LastSwiftUpdateCheck = 1600;
				LastUpgradeCheck = 1530;
				TargetAttributes = {
					A6C0705C2BBE97BE000F46B8 = {
						CreatedOnToolsVersion = 15.3;
					};
					A6C2BA892CC1559C00233BCC = {
						CreatedOnToolsVersion = 16.0;
						TestTargetID = A6C0705C2BBE97BE000F46B8;
					};
					A6C8151D2C18BB5B0017B8F4 = {
						CreatedOnToolsVersion = 15.4;
					};
				};
			};
			buildConfigurationList = A6C070582BBE97BE000F46B8 /* Build configuration list for PBXProject "Navigation" */;
			compatibilityVersion = "Xcode 14.0";
			developmentRegion = en;
			hasScannedForEncodings = 0;
			knownRegions = (
				en,
				Base,
			);
			mainGroup = A6C070542BBE97BE000F46B8;
			packageReferences = (
				A68102B62C2D28620064471B /* XCRemoteSwiftPackageReference "iOSIntPackage" */,
			);
			productRefGroup = A6C0705E2BBE97BE000F46B8 /* Products */;
			projectDirPath = "";
			projectRoot = "";
			targets = (
				A6C0705C2BBE97BE000F46B8 /* Navigation */,
				A6C8151D2C18BB5B0017B8F4 /* StorageService */,
				A6C2BA892CC1559C00233BCC /* FeedViewModelTests */,
			);
		};
/* End PBXProject section */

/* Begin PBXResourcesBuildPhase section */
		A6C0705B2BBE97BE000F46B8 /* Resources */ = {
			isa = PBXResourcesBuildPhase;
			buildActionMask = 2147483647;
			files = (
				A6C0BDB12C53E99000751379 /* Queen.mp3 in Resources */,
				A6C0BDB82C53EE1800751379 /* itsMyLife.mp3 in Resources */,
				A686C1CB2C71FA09006A381F /* GoogleService-Info.plist in Resources */,
				A6C0706A2BBE97BF000F46B8 /* Assets.xcassets in Resources */,
				A6C0706D2BBE97BF000F46B8 /* Base in Resources */,
				A6C0BDBA2C53EE1800751379 /* paradiseCity.mp3 in Resources */,
				A6C0BDBE2C53F37A00751379 /* Deutschland.mp3 in Resources */,
				A6C0BDBB2C53EE1800751379 /* moscowCalling.mp3 in Resources */,
				A6C0BDBC2C53EE1800751379 /* insideOfMe.mp3 in Resources */,
			);
			runOnlyForDeploymentPostprocessing = 0;
		};
		A6C2BA882CC1559C00233BCC /* Resources */ = {
			isa = PBXResourcesBuildPhase;
			buildActionMask = 2147483647;
			files = (
			);
			runOnlyForDeploymentPostprocessing = 0;
		};
		A6C8151C2C18BB5B0017B8F4 /* Resources */ = {
			isa = PBXResourcesBuildPhase;
			buildActionMask = 2147483647;
			files = (
			);
			runOnlyForDeploymentPostprocessing = 0;
		};
/* End PBXResourcesBuildPhase section */

/* Begin PBXShellScriptBuildPhase section */
		38282F3D8020DF1DDE42F1A7 /* [CP] Check Pods Manifest.lock */ = {
			isa = PBXShellScriptBuildPhase;
			buildActionMask = 2147483647;
			files = (
			);
			inputFileListPaths = (
			);
			inputPaths = (
				"${PODS_PODFILE_DIR_PATH}/Podfile.lock",
				"${PODS_ROOT}/Manifest.lock",
			);
			name = "[CP] Check Pods Manifest.lock";
			outputFileListPaths = (
			);
			outputPaths = (
				"$(DERIVED_FILE_DIR)/Pods-Navigation-checkManifestLockResult.txt",
			);
			runOnlyForDeploymentPostprocessing = 0;
			shellPath = /bin/sh;
			shellScript = "diff \"${PODS_PODFILE_DIR_PATH}/Podfile.lock\" \"${PODS_ROOT}/Manifest.lock\" > /dev/null\nif [ $? != 0 ] ; then\n    # print error to STDERR\n    echo \"error: The sandbox is not in sync with the Podfile.lock. Run 'pod install' or update your CocoaPods installation.\" >&2\n    exit 1\nfi\n# This output is used by Xcode 'outputs' to avoid re-running this script phase.\necho \"SUCCESS\" > \"${SCRIPT_OUTPUT_FILE_0}\"\n";
			showEnvVarsInLog = 0;
		};
		C384B3D13C000E9AFC599588 /* [CP] Check Pods Manifest.lock */ = {
			isa = PBXShellScriptBuildPhase;
			buildActionMask = 2147483647;
			files = (
			);
			inputFileListPaths = (
			);
			inputPaths = (
				"${PODS_PODFILE_DIR_PATH}/Podfile.lock",
				"${PODS_ROOT}/Manifest.lock",
			);
			name = "[CP] Check Pods Manifest.lock";
			outputFileListPaths = (
			);
			outputPaths = (
				"$(DERIVED_FILE_DIR)/Pods-StorageService-checkManifestLockResult.txt",
			);
			runOnlyForDeploymentPostprocessing = 0;
			shellPath = /bin/sh;
			shellScript = "diff \"${PODS_PODFILE_DIR_PATH}/Podfile.lock\" \"${PODS_ROOT}/Manifest.lock\" > /dev/null\nif [ $? != 0 ] ; then\n    # print error to STDERR\n    echo \"error: The sandbox is not in sync with the Podfile.lock. Run 'pod install' or update your CocoaPods installation.\" >&2\n    exit 1\nfi\n# This output is used by Xcode 'outputs' to avoid re-running this script phase.\necho \"SUCCESS\" > \"${SCRIPT_OUTPUT_FILE_0}\"\n";
			showEnvVarsInLog = 0;
		};
		F63FC529477DE09F32AD60F8 /* [CP] Embed Pods Frameworks */ = {
			isa = PBXShellScriptBuildPhase;
			buildActionMask = 2147483647;
			files = (
			);
			inputFileListPaths = (
				"${PODS_ROOT}/Target Support Files/Pods-Navigation/Pods-Navigation-frameworks-${CONFIGURATION}-input-files.xcfilelist",
			);
			name = "[CP] Embed Pods Frameworks";
			outputFileListPaths = (
				"${PODS_ROOT}/Target Support Files/Pods-Navigation/Pods-Navigation-frameworks-${CONFIGURATION}-output-files.xcfilelist",
			);
			runOnlyForDeploymentPostprocessing = 0;
			shellPath = /bin/sh;
			shellScript = "\"${PODS_ROOT}/Target Support Files/Pods-Navigation/Pods-Navigation-frameworks.sh\"\n";
			showEnvVarsInLog = 0;
		};
/* End PBXShellScriptBuildPhase section */

/* Begin PBXSourcesBuildPhase section */
		A6C070592BBE97BE000F46B8 /* Sources */ = {
			isa = PBXSourcesBuildPhase;
			buildActionMask = 2147483647;
			files = (
				A675C2CD2BDB62690025465B /* PhotosTableViewCell.swift in Sources */,
				A624EEAC2C3BA20E007D86DF /* MainCoordinator.swift in Sources */,
				A632D2D42C3669C800A19C06 /* ProfileModel.swift in Sources */,
				A624EEBF2C48266C007D86DF /* bruteForce.swift in Sources */,
				A675C2D12BDB81B20025465B /* PhotosCollectionViewCell.swift in Sources */,
				A68102BE2C2FE6530064471B /* CustomButton.swift in Sources */,
				A6DCB36D2C831D11003EAACE /* CoreDataModel.xcdatamodeld in Sources */,
				A675C2CF2BDB80B00025465B /* PhotosViewController.swift in Sources */,
				A686C1CD2C720295006A381F /* CheckerService.swift in Sources */,
				A624EEB12C3BC007007D86DF /* FeedCoordinator.swift in Sources */,
				A6C0708A2BBEA961000F46B8 /* PostViewController.swift in Sources */,
				A6C0BDAE2C53E4DF00751379 /* PlayerVC.swift in Sources */,
				A6DCB3432C831C76003EAACE /* CoreDataManager.swift in Sources */,
				A681A8252C51608F00FDD4D3 /* Post.swift in Sources */,
				A6DCB3412C831847003EAACE /* FavoriiteViewController.swift in Sources */,
				A6FFAE562BD28FD600D76E93 /* LogInViewController.swift in Sources */,
				A6CE963D2C2BE04F006C9B2C /* LoginInspector.swift in Sources */,
				A6C070612BBE97BE000F46B8 /* AppDelegate.swift in Sources */,
				A645203B2BBECB1000F49279 /* InfoViewController.swift in Sources */,
				A6CE962E2C21F0B8006C9B2C /* User.swift in Sources */,
				A624EEAF2C3BA25A007D86DF /* TabBarController.swift in Sources */,
				A624EEAA2C3BA1C4007D86DF /* Coordinator.swift in Sources */,
				A681A8242C51581800FDD4D3 /* Error.swift in Sources */,
				A6FFAE5A2BD6744300D76E93 /* PostTableViewCell.swift in Sources */,
				A675C2D52BDB9B980025465B /* Photo.swift in Sources */,
				A6C070872BBEA918000F46B8 /* ProfileViewController.swift in Sources */,
				A6C070852BBEA8C0000F46B8 /* FeedViewController.swift in Sources */,
				A6CE963B2C29E75E006C9B2C /* Checker.swift in Sources */,
				A686C1C72C6664F1006A381F /* NetworkManager.swift in Sources */,
				A6C070632BBE97BE000F46B8 /* SceneDelegate.swift in Sources */,
				A681A8272C5161BF00FDD4D3 /* NetworkService.swift in Sources */,
				A6B8773A2BCCE4810071700D /* ProfileTableHeaderView.swift in Sources */,
			);
			runOnlyForDeploymentPostprocessing = 0;
		};
		A6C2BA862CC1559C00233BCC /* Sources */ = {
			isa = PBXSourcesBuildPhase;
			buildActionMask = 2147483647;
			files = (
			);
			runOnlyForDeploymentPostprocessing = 0;
		};
		A6C8151A2C18BB5B0017B8F4 /* Sources */ = {
			isa = PBXSourcesBuildPhase;
			buildActionMask = 2147483647;
			files = (
			);
			runOnlyForDeploymentPostprocessing = 0;
		};
/* End PBXSourcesBuildPhase section */

/* Begin PBXTargetDependency section */
		A6C2BA8F2CC1559C00233BCC /* PBXTargetDependency */ = {
			isa = PBXTargetDependency;
			target = A6C0705C2BBE97BE000F46B8 /* Navigation */;
			targetProxy = A6C2BA8E2CC1559C00233BCC /* PBXContainerItemProxy */;
		};
		A6C815232C18BB5B0017B8F4 /* PBXTargetDependency */ = {
			isa = PBXTargetDependency;
			target = A6C8151D2C18BB5B0017B8F4 /* StorageService */;
			targetProxy = A6C815222C18BB5B0017B8F4 /* PBXContainerItemProxy */;
		};
/* End PBXTargetDependency section */

/* Begin PBXVariantGroup section */
		A6C0706B2BBE97BF000F46B8 /* LaunchScreen.storyboard */ = {
			isa = PBXVariantGroup;
			children = (
				A6C0706C2BBE97BF000F46B8 /* Base */,
			);
			name = LaunchScreen.storyboard;
			sourceTree = "<group>";
		};
/* End PBXVariantGroup section */

/* Begin XCBuildConfiguration section */
		A6C0706F2BBE97BF000F46B8 /* Debug */ = {
			isa = XCBuildConfiguration;
			buildSettings = {
				ALWAYS_SEARCH_USER_PATHS = NO;
				ASSETCATALOG_COMPILER_GENERATE_SWIFT_ASSET_SYMBOL_EXTENSIONS = YES;
				CLANG_ANALYZER_NONNULL = YES;
				CLANG_ANALYZER_NUMBER_OBJECT_CONVERSION = YES_AGGRESSIVE;
				CLANG_CXX_LANGUAGE_STANDARD = "gnu++20";
				CLANG_ENABLE_MODULES = YES;
				CLANG_ENABLE_OBJC_ARC = YES;
				CLANG_ENABLE_OBJC_WEAK = YES;
				CLANG_WARN_BLOCK_CAPTURE_AUTORELEASING = YES;
				CLANG_WARN_BOOL_CONVERSION = YES;
				CLANG_WARN_COMMA = YES;
				CLANG_WARN_CONSTANT_CONVERSION = YES;
				CLANG_WARN_DEPRECATED_OBJC_IMPLEMENTATIONS = YES;
				CLANG_WARN_DIRECT_OBJC_ISA_USAGE = YES_ERROR;
				CLANG_WARN_DOCUMENTATION_COMMENTS = YES;
				CLANG_WARN_EMPTY_BODY = YES;
				CLANG_WARN_ENUM_CONVERSION = YES;
				CLANG_WARN_INFINITE_RECURSION = YES;
				CLANG_WARN_INT_CONVERSION = YES;
				CLANG_WARN_NON_LITERAL_NULL_CONVERSION = YES;
				CLANG_WARN_OBJC_IMPLICIT_RETAIN_SELF = YES;
				CLANG_WARN_OBJC_LITERAL_CONVERSION = YES;
				CLANG_WARN_OBJC_ROOT_CLASS = YES_ERROR;
				CLANG_WARN_QUOTED_INCLUDE_IN_FRAMEWORK_HEADER = YES;
				CLANG_WARN_RANGE_LOOP_ANALYSIS = YES;
				CLANG_WARN_STRICT_PROTOTYPES = YES;
				CLANG_WARN_SUSPICIOUS_MOVE = YES;
				CLANG_WARN_UNGUARDED_AVAILABILITY = YES_AGGRESSIVE;
				CLANG_WARN_UNREACHABLE_CODE = YES;
				CLANG_WARN__DUPLICATE_METHOD_MATCH = YES;
				COPY_PHASE_STRIP = NO;
				DEBUG_INFORMATION_FORMAT = dwarf;
				ENABLE_STRICT_OBJC_MSGSEND = YES;
				ENABLE_TESTABILITY = YES;
				ENABLE_USER_SCRIPT_SANDBOXING = NO;
				GCC_C_LANGUAGE_STANDARD = gnu17;
				GCC_DYNAMIC_NO_PIC = NO;
				GCC_NO_COMMON_BLOCKS = YES;
				GCC_OPTIMIZATION_LEVEL = 0;
				GCC_PREPROCESSOR_DEFINITIONS = (
					"DEBUG=1",
					"$(inherited)",
				);
				GCC_WARN_64_TO_32_BIT_CONVERSION = YES;
				GCC_WARN_ABOUT_RETURN_TYPE = YES_ERROR;
				GCC_WARN_UNDECLARED_SELECTOR = YES;
				GCC_WARN_UNINITIALIZED_AUTOS = YES_AGGRESSIVE;
				GCC_WARN_UNUSED_FUNCTION = YES;
				GCC_WARN_UNUSED_VARIABLE = YES;
				IPHONEOS_DEPLOYMENT_TARGET = 17.4;
				LOCALIZATION_PREFERS_STRING_CATALOGS = YES;
				MTL_ENABLE_DEBUG_INFO = INCLUDE_SOURCE;
				MTL_FAST_MATH = YES;
				ONLY_ACTIVE_ARCH = YES;
				SDKROOT = iphoneos;
				SWIFT_ACTIVE_COMPILATION_CONDITIONS = "DEBUG $(inherited)";
				SWIFT_OPTIMIZATION_LEVEL = "-Onone";
			};
			name = Debug;
		};
		A6C070702BBE97BF000F46B8 /* Release */ = {
			isa = XCBuildConfiguration;
			buildSettings = {
				ALWAYS_SEARCH_USER_PATHS = NO;
				ASSETCATALOG_COMPILER_GENERATE_SWIFT_ASSET_SYMBOL_EXTENSIONS = YES;
				CLANG_ANALYZER_NONNULL = YES;
				CLANG_ANALYZER_NUMBER_OBJECT_CONVERSION = YES_AGGRESSIVE;
				CLANG_CXX_LANGUAGE_STANDARD = "gnu++20";
				CLANG_ENABLE_MODULES = YES;
				CLANG_ENABLE_OBJC_ARC = YES;
				CLANG_ENABLE_OBJC_WEAK = YES;
				CLANG_WARN_BLOCK_CAPTURE_AUTORELEASING = YES;
				CLANG_WARN_BOOL_CONVERSION = YES;
				CLANG_WARN_COMMA = YES;
				CLANG_WARN_CONSTANT_CONVERSION = YES;
				CLANG_WARN_DEPRECATED_OBJC_IMPLEMENTATIONS = YES;
				CLANG_WARN_DIRECT_OBJC_ISA_USAGE = YES_ERROR;
				CLANG_WARN_DOCUMENTATION_COMMENTS = YES;
				CLANG_WARN_EMPTY_BODY = YES;
				CLANG_WARN_ENUM_CONVERSION = YES;
				CLANG_WARN_INFINITE_RECURSION = YES;
				CLANG_WARN_INT_CONVERSION = YES;
				CLANG_WARN_NON_LITERAL_NULL_CONVERSION = YES;
				CLANG_WARN_OBJC_IMPLICIT_RETAIN_SELF = YES;
				CLANG_WARN_OBJC_LITERAL_CONVERSION = YES;
				CLANG_WARN_OBJC_ROOT_CLASS = YES_ERROR;
				CLANG_WARN_QUOTED_INCLUDE_IN_FRAMEWORK_HEADER = YES;
				CLANG_WARN_RANGE_LOOP_ANALYSIS = YES;
				CLANG_WARN_STRICT_PROTOTYPES = YES;
				CLANG_WARN_SUSPICIOUS_MOVE = YES;
				CLANG_WARN_UNGUARDED_AVAILABILITY = YES_AGGRESSIVE;
				CLANG_WARN_UNREACHABLE_CODE = YES;
				CLANG_WARN__DUPLICATE_METHOD_MATCH = YES;
				COPY_PHASE_STRIP = NO;
				DEBUG_INFORMATION_FORMAT = "dwarf-with-dsym";
				ENABLE_NS_ASSERTIONS = NO;
				ENABLE_STRICT_OBJC_MSGSEND = YES;
				ENABLE_USER_SCRIPT_SANDBOXING = NO;
				GCC_C_LANGUAGE_STANDARD = gnu17;
				GCC_NO_COMMON_BLOCKS = YES;
				GCC_WARN_64_TO_32_BIT_CONVERSION = YES;
				GCC_WARN_ABOUT_RETURN_TYPE = YES_ERROR;
				GCC_WARN_UNDECLARED_SELECTOR = YES;
				GCC_WARN_UNINITIALIZED_AUTOS = YES_AGGRESSIVE;
				GCC_WARN_UNUSED_FUNCTION = YES;
				GCC_WARN_UNUSED_VARIABLE = YES;
				IPHONEOS_DEPLOYMENT_TARGET = 17.4;
				LOCALIZATION_PREFERS_STRING_CATALOGS = YES;
				MTL_ENABLE_DEBUG_INFO = NO;
				MTL_FAST_MATH = YES;
				SDKROOT = iphoneos;
				SWIFT_COMPILATION_MODE = wholemodule;
				VALIDATE_PRODUCT = YES;
			};
			name = Release;
		};
		A6C070722BBE97BF000F46B8 /* Debug */ = {
			isa = XCBuildConfiguration;
			baseConfigurationReference = A19A07B1A46342A2C2D1FA68 /* Pods-Navigation.debug.xcconfig */;
			buildSettings = {
				ASSETCATALOG_COMPILER_APPICON_NAME = AppIcon;
				ASSETCATALOG_COMPILER_GLOBAL_ACCENT_COLOR_NAME = AccentColor;
				CODE_SIGN_STYLE = Automatic;
				CURRENT_PROJECT_VERSION = 1;
				DEVELOPMENT_TEAM = 6HXXQ2J2A4;
				GENERATE_INFOPLIST_FILE = YES;
				INFOPLIST_FILE = Navigation/Info.plist;
				INFOPLIST_KEY_UIApplicationSupportsIndirectInputEvents = YES;
				INFOPLIST_KEY_UILaunchStoryboardName = LaunchScreen;
				INFOPLIST_KEY_UISupportedInterfaceOrientations_iPad = "UIInterfaceOrientationPortrait UIInterfaceOrientationPortraitUpsideDown UIInterfaceOrientationLandscapeLeft UIInterfaceOrientationLandscapeRight";
				INFOPLIST_KEY_UISupportedInterfaceOrientations_iPhone = "UIInterfaceOrientationPortrait UIInterfaceOrientationLandscapeLeft UIInterfaceOrientationLandscapeRight";
				LD_RUNPATH_SEARCH_PATHS = (
					"$(inherited)",
					"@executable_path/Frameworks",
				);
				MARKETING_VERSION = 1.0;
				PRODUCT_BUNDLE_IDENTIFIER = ru.eva.llee.Navigation;
				PRODUCT_NAME = "$(TARGET_NAME)";
				SUPPORTED_PLATFORMS = "iphoneos iphonesimulator";
				SUPPORTS_MACCATALYST = NO;
				SUPPORTS_MAC_DESIGNED_FOR_IPHONE_IPAD = NO;
				SUPPORTS_XR_DESIGNED_FOR_IPHONE_IPAD = NO;
				SWIFT_EMIT_LOC_STRINGS = YES;
				SWIFT_VERSION = 5.0;
				TARGETED_DEVICE_FAMILY = 1;
			};
			name = Debug;
		};
		A6C070732BBE97BF000F46B8 /* Release */ = {
			isa = XCBuildConfiguration;
			baseConfigurationReference = 11659D834030D8F6C65276CF /* Pods-Navigation.release.xcconfig */;
			buildSettings = {
				ASSETCATALOG_COMPILER_APPICON_NAME = AppIcon;
				ASSETCATALOG_COMPILER_GLOBAL_ACCENT_COLOR_NAME = AccentColor;
				CODE_SIGN_STYLE = Automatic;
				CURRENT_PROJECT_VERSION = 1;
				DEVELOPMENT_TEAM = 6HXXQ2J2A4;
				GENERATE_INFOPLIST_FILE = YES;
				INFOPLIST_FILE = Navigation/Info.plist;
				INFOPLIST_KEY_UIApplicationSupportsIndirectInputEvents = YES;
				INFOPLIST_KEY_UILaunchStoryboardName = LaunchScreen;
				INFOPLIST_KEY_UISupportedInterfaceOrientations_iPad = "UIInterfaceOrientationPortrait UIInterfaceOrientationPortraitUpsideDown UIInterfaceOrientationLandscapeLeft UIInterfaceOrientationLandscapeRight";
				INFOPLIST_KEY_UISupportedInterfaceOrientations_iPhone = "UIInterfaceOrientationPortrait UIInterfaceOrientationLandscapeLeft UIInterfaceOrientationLandscapeRight";
				LD_RUNPATH_SEARCH_PATHS = (
					"$(inherited)",
					"@executable_path/Frameworks",
				);
				MARKETING_VERSION = 1.0;
				PRODUCT_BUNDLE_IDENTIFIER = ru.eva.llee.Navigation;
				PRODUCT_NAME = "$(TARGET_NAME)";
				SUPPORTED_PLATFORMS = "iphoneos iphonesimulator";
				SUPPORTS_MACCATALYST = NO;
				SUPPORTS_MAC_DESIGNED_FOR_IPHONE_IPAD = NO;
				SUPPORTS_XR_DESIGNED_FOR_IPHONE_IPAD = NO;
				SWIFT_EMIT_LOC_STRINGS = YES;
				SWIFT_VERSION = 5.0;
				TARGETED_DEVICE_FAMILY = 1;
			};
			name = Release;
		};
		A6C2BA912CC1559C00233BCC /* Debug */ = {
			isa = XCBuildConfiguration;
			buildSettings = {
				BUNDLE_LOADER = "$(TEST_HOST)";
				CODE_SIGN_STYLE = Automatic;
				CURRENT_PROJECT_VERSION = 1;
				DEVELOPMENT_TEAM = 6HXXQ2J2A4;
				ENABLE_USER_SCRIPT_SANDBOXING = YES;
				GENERATE_INFOPLIST_FILE = YES;
				IPHONEOS_DEPLOYMENT_TARGET = 18.0;
				MARKETING_VERSION = 1.0;
				PRODUCT_BUNDLE_IDENTIFIER = ru.eva.llee.FeedViewModelTests;
				PRODUCT_NAME = "$(TARGET_NAME)";
				SUPPORTED_PLATFORMS = "iphoneos iphonesimulator";
				SUPPORTS_MACCATALYST = NO;
				SUPPORTS_MAC_DESIGNED_FOR_IPHONE_IPAD = NO;
				SUPPORTS_XR_DESIGNED_FOR_IPHONE_IPAD = NO;
				SWIFT_EMIT_LOC_STRINGS = NO;
				SWIFT_VERSION = 5.0;
				TARGETED_DEVICE_FAMILY = 1;
				TEST_HOST = "$(BUILT_PRODUCTS_DIR)/Navigation.app/$(BUNDLE_EXECUTABLE_FOLDER_PATH)/Navigation";
			};
			name = Debug;
		};
		A6C2BA922CC1559C00233BCC /* Release */ = {
			isa = XCBuildConfiguration;
			buildSettings = {
				BUNDLE_LOADER = "$(TEST_HOST)";
				CODE_SIGN_STYLE = Automatic;
				CURRENT_PROJECT_VERSION = 1;
				DEVELOPMENT_TEAM = 6HXXQ2J2A4;
				ENABLE_USER_SCRIPT_SANDBOXING = YES;
				GENERATE_INFOPLIST_FILE = YES;
				IPHONEOS_DEPLOYMENT_TARGET = 18.0;
				MARKETING_VERSION = 1.0;
				PRODUCT_BUNDLE_IDENTIFIER = ru.eva.llee.FeedViewModelTests;
				PRODUCT_NAME = "$(TARGET_NAME)";
				SUPPORTED_PLATFORMS = "iphoneos iphonesimulator";
				SUPPORTS_MACCATALYST = NO;
				SUPPORTS_MAC_DESIGNED_FOR_IPHONE_IPAD = NO;
				SUPPORTS_XR_DESIGNED_FOR_IPHONE_IPAD = NO;
				SWIFT_EMIT_LOC_STRINGS = NO;
				SWIFT_VERSION = 5.0;
				TARGETED_DEVICE_FAMILY = 1;
				TEST_HOST = "$(BUILT_PRODUCTS_DIR)/Navigation.app/$(BUNDLE_EXECUTABLE_FOLDER_PATH)/Navigation";
			};
			name = Release;
		};
		A6C815272C18BB5B0017B8F4 /* Debug */ = {
			isa = XCBuildConfiguration;
			baseConfigurationReference = 8AD4B147A02C044EBD707A64 /* Pods-StorageService.debug.xcconfig */;
			buildSettings = {
				BUILD_LIBRARY_FOR_DISTRIBUTION = YES;
				CODE_SIGN_STYLE = Automatic;
				CURRENT_PROJECT_VERSION = 1;
				DEFINES_MODULE = YES;
				DEVELOPMENT_TEAM = 6HXXQ2J2A4;
				DYLIB_COMPATIBILITY_VERSION = 1;
				DYLIB_CURRENT_VERSION = 1;
				DYLIB_INSTALL_NAME_BASE = "@rpath";
				ENABLE_MODULE_VERIFIER = YES;
				GENERATE_INFOPLIST_FILE = YES;
				INFOPLIST_KEY_NSHumanReadableCopyright = "";
				INSTALL_PATH = "$(LOCAL_LIBRARY_DIR)/Frameworks";
				IPHONEOS_DEPLOYMENT_TARGET = 17.5;
				LD_RUNPATH_SEARCH_PATHS = (
					"$(inherited)",
					"@executable_path/Frameworks",
					"@loader_path/Frameworks",
				);
				MARKETING_VERSION = 1.0;
				MODULE_VERIFIER_SUPPORTED_LANGUAGES = "objective-c objective-c++";
				MODULE_VERIFIER_SUPPORTED_LANGUAGE_STANDARDS = "gnu17 gnu++20";
				PRODUCT_BUNDLE_IDENTIFIER = ru.eva.llee.StorageService;
				PRODUCT_NAME = "$(TARGET_NAME:c99extidentifier)";
				SKIP_INSTALL = YES;
				SWIFT_EMIT_LOC_STRINGS = YES;
				SWIFT_INSTALL_OBJC_HEADER = NO;
				SWIFT_VERSION = 5.0;
				TARGETED_DEVICE_FAMILY = "1,2";
				VERSIONING_SYSTEM = "apple-generic";
				VERSION_INFO_PREFIX = "";
			};
			name = Debug;
		};
		A6C815282C18BB5B0017B8F4 /* Release */ = {
			isa = XCBuildConfiguration;
			baseConfigurationReference = F38EA49D72EFE983FAB5C1C2 /* Pods-StorageService.release.xcconfig */;
			buildSettings = {
				BUILD_LIBRARY_FOR_DISTRIBUTION = YES;
				CODE_SIGN_STYLE = Automatic;
				CURRENT_PROJECT_VERSION = 1;
				DEFINES_MODULE = YES;
				DEVELOPMENT_TEAM = 6HXXQ2J2A4;
				DYLIB_COMPATIBILITY_VERSION = 1;
				DYLIB_CURRENT_VERSION = 1;
				DYLIB_INSTALL_NAME_BASE = "@rpath";
				ENABLE_MODULE_VERIFIER = YES;
				GENERATE_INFOPLIST_FILE = YES;
				INFOPLIST_KEY_NSHumanReadableCopyright = "";
				INSTALL_PATH = "$(LOCAL_LIBRARY_DIR)/Frameworks";
				IPHONEOS_DEPLOYMENT_TARGET = 17.5;
				LD_RUNPATH_SEARCH_PATHS = (
					"$(inherited)",
					"@executable_path/Frameworks",
					"@loader_path/Frameworks",
				);
				MARKETING_VERSION = 1.0;
				MODULE_VERIFIER_SUPPORTED_LANGUAGES = "objective-c objective-c++";
				MODULE_VERIFIER_SUPPORTED_LANGUAGE_STANDARDS = "gnu17 gnu++20";
				PRODUCT_BUNDLE_IDENTIFIER = ru.eva.llee.StorageService;
				PRODUCT_NAME = "$(TARGET_NAME:c99extidentifier)";
				SKIP_INSTALL = YES;
				SWIFT_EMIT_LOC_STRINGS = YES;
				SWIFT_INSTALL_OBJC_HEADER = NO;
				SWIFT_VERSION = 5.0;
				TARGETED_DEVICE_FAMILY = "1,2";
				VERSIONING_SYSTEM = "apple-generic";
				VERSION_INFO_PREFIX = "";
			};
			name = Release;
		};
/* End XCBuildConfiguration section */

/* Begin XCConfigurationList section */
		A6C070582BBE97BE000F46B8 /* Build configuration list for PBXProject "Navigation" */ = {
			isa = XCConfigurationList;
			buildConfigurations = (
				A6C0706F2BBE97BF000F46B8 /* Debug */,
				A6C070702BBE97BF000F46B8 /* Release */,
			);
			defaultConfigurationIsVisible = 0;
			defaultConfigurationName = Release;
		};
		A6C070712BBE97BF000F46B8 /* Build configuration list for PBXNativeTarget "Navigation" */ = {
			isa = XCConfigurationList;
			buildConfigurations = (
				A6C070722BBE97BF000F46B8 /* Debug */,
				A6C070732BBE97BF000F46B8 /* Release */,
			);
			defaultConfigurationIsVisible = 0;
			defaultConfigurationName = Release;
		};
		A6C2BA902CC1559C00233BCC /* Build configuration list for PBXNativeTarget "FeedViewModelTests" */ = {
			isa = XCConfigurationList;
			buildConfigurations = (
				A6C2BA912CC1559C00233BCC /* Debug */,
				A6C2BA922CC1559C00233BCC /* Release */,
			);
			defaultConfigurationIsVisible = 0;
			defaultConfigurationName = Release;
		};
		A6C815262C18BB5B0017B8F4 /* Build configuration list for PBXNativeTarget "StorageService" */ = {
			isa = XCConfigurationList;
			buildConfigurations = (
				A6C815272C18BB5B0017B8F4 /* Debug */,
				A6C815282C18BB5B0017B8F4 /* Release */,
			);
			defaultConfigurationIsVisible = 0;
			defaultConfigurationName = Release;
		};
/* End XCConfigurationList section */

/* Begin XCRemoteSwiftPackageReference section */
		A68102B62C2D28620064471B /* XCRemoteSwiftPackageReference "iOSIntPackage" */ = {
			isa = XCRemoteSwiftPackageReference;
			repositoryURL = "https://github.com/TrueMax/iOSIntPackage";
			requirement = {
				branch = imagepublisher;
				kind = branch;
			};
		};
/* End XCRemoteSwiftPackageReference section */

/* Begin XCSwiftPackageProductDependency section */
		A68102B72C2D28620064471B /* iOSIntPackage */ = {
			isa = XCSwiftPackageProductDependency;
			package = A68102B62C2D28620064471B /* XCRemoteSwiftPackageReference "iOSIntPackage" */;
			productName = iOSIntPackage;
		};
/* End XCSwiftPackageProductDependency section */

/* Begin XCVersionGroup section */
		A6DCB36B2C831D11003EAACE /* CoreDataModel.xcdatamodeld */ = {
			isa = XCVersionGroup;
			children = (
				A6DCB36C2C831D11003EAACE /* CoreDataModel.xcdatamodel */,
			);
			currentVersion = A6DCB36C2C831D11003EAACE /* CoreDataModel.xcdatamodel */;
			name = CoreDataModel.xcdatamodeld;
			path = "/Users/eva/netology/fuck/ios-homeworks/Navigation/CoreData/CoreDataModel.xcdatamodeld";
			sourceTree = "<group>";
			versionGroupType = wrapper.xcdatamodel;
		};
/* End XCVersionGroup section */
	};
	rootObject = A6C070552BBE97BE000F46B8 /* Project object */;
}
