// !$*UTF8*$!
{
	archiveVersion = 1;
	classes = {
	};
	objectVersion = 56;
	objects = {

/* Begin PBXBuildFile section */
		A645203B2BBECB1000F49279 /* InfoViewController.swift in Sources */ = {isa = PBXBuildFile; fileRef = A645203A2BBECB1000F49279 /* InfoViewController.swift */; };
		A675C2CD2BDB62690025465B /* PhotosTableViewCell.swift in Sources */ = {isa = PBXBuildFile; fileRef = A675C2CC2BDB62690025465B /* PhotosTableViewCell.swift */; };
		A675C2CF2BDB80B00025465B /* PhotosViewController.swift in Sources */ = {isa = PBXBuildFile; fileRef = A675C2CE2BDB80B00025465B /* PhotosViewController.swift */; };
		A675C2D12BDB81B20025465B /* PhotosCollectionViewCell.swift in Sources */ = {isa = PBXBuildFile; fileRef = A675C2D02BDB81B20025465B /* PhotosCollectionViewCell.swift */; };
		A675C2D52BDB9B980025465B /* Photo.swift in Sources */ = {isa = PBXBuildFile; fileRef = A675C2D42BDB9B980025465B /* Photo.swift */; };
		A6B8773A2BCCE4810071700D /* ProfileTableHeaderView.swift in Sources */ = {isa = PBXBuildFile; fileRef = A6B877392BCCE4810071700D /* ProfileTableHeaderView.swift */; };
		A6C070612BBE97BE000F46B8 /* AppDelegate.swift in Sources */ = {isa = PBXBuildFile; fileRef = A6C070602BBE97BE000F46B8 /* AppDelegate.swift */; };
		A6C070632BBE97BE000F46B8 /* SceneDelegate.swift in Sources */ = {isa = PBXBuildFile; fileRef = A6C070622BBE97BE000F46B8 /* SceneDelegate.swift */; };
		A6C070652BBE97BE000F46B8 /* ViewController.swift in Sources */ = {isa = PBXBuildFile; fileRef = A6C070642BBE97BE000F46B8 /* ViewController.swift */; };
		A6C0706A2BBE97BF000F46B8 /* Assets.xcassets in Resources */ = {isa = PBXBuildFile; fileRef = A6C070692BBE97BF000F46B8 /* Assets.xcassets */; };
		A6C0706D2BBE97BF000F46B8 /* Base in Resources */ = {isa = PBXBuildFile; fileRef = A6C0706C2BBE97BF000F46B8 /* Base */; };
		A6C070852BBEA8C0000F46B8 /* FeedViewController.swift in Sources */ = {isa = PBXBuildFile; fileRef = A6C070842BBEA8C0000F46B8 /* FeedViewController.swift */; };
		A6C070872BBEA918000F46B8 /* ProfileViewController.swift in Sources */ = {isa = PBXBuildFile; fileRef = A6C070862BBEA918000F46B8 /* ProfileViewController.swift */; };
		A6C0708A2BBEA961000F46B8 /* PostViewController.swift in Sources */ = {isa = PBXBuildFile; fileRef = A6C070892BBEA961000F46B8 /* PostViewController.swift */; };
		A6FFAE562BD28FD600D76E93 /* LogInViewController.swift in Sources */ = {isa = PBXBuildFile; fileRef = A6FFAE552BD28FD600D76E93 /* LogInViewController.swift */; };
		A6FFAE582BD4F34500D76E93 /* Post.swift in Sources */ = {isa = PBXBuildFile; fileRef = A6FFAE572BD4F34500D76E93 /* Post.swift */; };
		A6FFAE5A2BD6744300D76E93 /* PostTableViewCell.swift in Sources */ = {isa = PBXBuildFile; fileRef = A6FFAE592BD6744300D76E93 /* PostTableViewCell.swift */; };
/* End PBXBuildFile section */

/* Begin PBXFileReference section */
		A645203A2BBECB1000F49279 /* InfoViewController.swift */ = {isa = PBXFileReference; lastKnownFileType = sourcecode.swift; path = InfoViewController.swift; sourceTree = "<group>"; };
		A675C2CC2BDB62690025465B /* PhotosTableViewCell.swift */ = {isa = PBXFileReference; lastKnownFileType = sourcecode.swift; path = PhotosTableViewCell.swift; sourceTree = "<group>"; };
		A675C2CE2BDB80B00025465B /* PhotosViewController.swift */ = {isa = PBXFileReference; lastKnownFileType = sourcecode.swift; path = PhotosViewController.swift; sourceTree = "<group>"; };
		A675C2D02BDB81B20025465B /* PhotosCollectionViewCell.swift */ = {isa = PBXFileReference; lastKnownFileType = sourcecode.swift; path = PhotosCollectionViewCell.swift; sourceTree = "<group>"; };
		A675C2D42BDB9B980025465B /* Photo.swift */ = {isa = PBXFileReference; lastKnownFileType = sourcecode.swift; path = Photo.swift; sourceTree = "<group>"; };
		A6B877392BCCE4810071700D /* ProfileTableHeaderView.swift */ = {isa = PBXFileReference; lastKnownFileType = sourcecode.swift; path = ProfileTableHeaderView.swift; sourceTree = "<group>"; };
		A6C0705D2BBE97BE000F46B8 /* Navigation.app */ = {isa = PBXFileReference; explicitFileType = wrapper.application; includeInIndex = 0; path = Navigation.app; sourceTree = BUILT_PRODUCTS_DIR; };
		A6C070602BBE97BE000F46B8 /* AppDelegate.swift */ = {isa = PBXFileReference; lastKnownFileType = sourcecode.swift; path = AppDelegate.swift; sourceTree = "<group>"; };
		A6C070622BBE97BE000F46B8 /* SceneDelegate.swift */ = {isa = PBXFileReference; lastKnownFileType = sourcecode.swift; path = SceneDelegate.swift; sourceTree = "<group>"; };
		A6C070642BBE97BE000F46B8 /* ViewController.swift */ = {isa = PBXFileReference; lastKnownFileType = sourcecode.swift; path = ViewController.swift; sourceTree = "<group>"; };
		A6C070692BBE97BF000F46B8 /* Assets.xcassets */ = {isa = PBXFileReference; lastKnownFileType = folder.assetcatalog; path = Assets.xcassets; sourceTree = "<group>"; };
		A6C0706C2BBE97BF000F46B8 /* Base */ = {isa = PBXFileReference; lastKnownFileType = file.storyboard; name = Base; path = Base.lproj/LaunchScreen.storyboard; sourceTree = "<group>"; };
		A6C0706E2BBE97BF000F46B8 /* Info.plist */ = {isa = PBXFileReference; lastKnownFileType = text.plist.xml; path = Info.plist; sourceTree = "<group>"; };
		A6C070842BBEA8C0000F46B8 /* FeedViewController.swift */ = {isa = PBXFileReference; lastKnownFileType = sourcecode.swift; path = FeedViewController.swift; sourceTree = "<group>"; };
		A6C070862BBEA918000F46B8 /* ProfileViewController.swift */ = {isa = PBXFileReference; lastKnownFileType = sourcecode.swift; path = ProfileViewController.swift; sourceTree = "<group>"; };
		A6C070892BBEA961000F46B8 /* PostViewController.swift */ = {isa = PBXFileReference; lastKnownFileType = sourcecode.swift; path = PostViewController.swift; sourceTree = "<group>"; };
		A6FFAE552BD28FD600D76E93 /* LogInViewController.swift */ = {isa = PBXFileReference; lastKnownFileType = sourcecode.swift; path = LogInViewController.swift; sourceTree = "<group>"; };
		A6FFAE572BD4F34500D76E93 /* Post.swift */ = {isa = PBXFileReference; lastKnownFileType = sourcecode.swift; path = Post.swift; sourceTree = "<group>"; };
		A6FFAE592BD6744300D76E93 /* PostTableViewCell.swift */ = {isa = PBXFileReference; lastKnownFileType = sourcecode.swift; path = PostTableViewCell.swift; sourceTree = "<group>"; };
/* End PBXFileReference section */

/* Begin PBXFrameworksBuildPhase section */
		A6C0705A2BBE97BE000F46B8 /* Frameworks */ = {
			isa = PBXFrameworksBuildPhase;
			buildActionMask = 2147483647;
			files = (
			);
			runOnlyForDeploymentPostprocessing = 0;
		};
/* End PBXFrameworksBuildPhase section */

/* Begin PBXGroup section */
		A675C2D22BDB988C0025465B /* photoGallery */ = {
			isa = PBXGroup;
			children = (
				A675C2CC2BDB62690025465B /* PhotosTableViewCell.swift */,
				A675C2D02BDB81B20025465B /* PhotosCollectionViewCell.swift */,
				A675C2CE2BDB80B00025465B /* PhotosViewController.swift */,
				A675C2D42BDB9B980025465B /* Photo.swift */,
			);
			path = photoGallery;
			sourceTree = "<group>";
		};
		A675C2D32BDB98A90025465B /* loginView */ = {
			isa = PBXGroup;
			children = (
				A6FFAE552BD28FD600D76E93 /* LogInViewController.swift */,
			);
			path = loginView;
			sourceTree = "<group>";
		};
		A6B877382BCCE46D0071700D /* Profile */ = {
			isa = PBXGroup;
			children = (
				A675C2D32BDB98A90025465B /* loginView */,
				A675C2D22BDB988C0025465B /* photoGallery */,
				A6B877392BCCE4810071700D /* ProfileTableHeaderView.swift */,
				A6C070862BBEA918000F46B8 /* ProfileViewController.swift */,
				A6FFAE572BD4F34500D76E93 /* Post.swift */,
				A6FFAE592BD6744300D76E93 /* PostTableViewCell.swift */,
			);
			path = Profile;
			sourceTree = "<group>";
		};
		A6C070542BBE97BE000F46B8 = {
			isa = PBXGroup;
			children = (
				A6C0705F2BBE97BE000F46B8 /* Navigation */,
				A6C0705E2BBE97BE000F46B8 /* Products */,
			);
			sourceTree = "<group>";
		};
		A6C0705E2BBE97BE000F46B8 /* Products */ = {
			isa = PBXGroup;
			children = (
				A6C0705D2BBE97BE000F46B8 /* Navigation.app */,
			);
			name = Products;
			sourceTree = "<group>";
		};
		A6C0705F2BBE97BE000F46B8 /* Navigation */ = {
			isa = PBXGroup;
			children = (
				A6B877382BCCE46D0071700D /* Profile */,
				A6C070602BBE97BE000F46B8 /* AppDelegate.swift */,
				A6C070622BBE97BE000F46B8 /* SceneDelegate.swift */,
				A6C070842BBEA8C0000F46B8 /* FeedViewController.swift */,
				A6C070642BBE97BE000F46B8 /* ViewController.swift */,
				A6C070692BBE97BF000F46B8 /* Assets.xcassets */,
				A6C0706B2BBE97BF000F46B8 /* LaunchScreen.storyboard */,
				A6C0706E2BBE97BF000F46B8 /* Info.plist */,
				A6C070892BBEA961000F46B8 /* PostViewController.swift */,
				A645203A2BBECB1000F49279 /* InfoViewController.swift */,
			);
			path = Navigation;
			sourceTree = "<group>";
		};
/* End PBXGroup section */

/* Begin PBXNativeTarget section */
		A6C0705C2BBE97BE000F46B8 /* Navigation */ = {
			isa = PBXNativeTarget;
			buildConfigurationList = A6C070712BBE97BF000F46B8 /* Build configuration list for PBXNativeTarget "Navigation" */;
			buildPhases = (
				A6C070592BBE97BE000F46B8 /* Sources */,
				A6C0705A2BBE97BE000F46B8 /* Frameworks */,
				A6C0705B2BBE97BE000F46B8 /* Resources */,
			);
			buildRules = (
			);
			dependencies = (
			);
			name = Navigation;
			productName = Navigation;
			productReference = A6C0705D2BBE97BE000F46B8 /* Navigation.app */;
			productType = "com.apple.product-type.application";
		};
/* End PBXNativeTarget section */

/* Begin PBXProject section */
		A6C070552BBE97BE000F46B8 /* Project object */ = {
			isa = PBXProject;
			attributes = {
				BuildIndependentTargetsInParallel = 1;
				LastSwiftUpdateCheck = 1530;
				LastUpgradeCheck = 1530;
				TargetAttributes = {
					A6C0705C2BBE97BE000F46B8 = {
						CreatedOnToolsVersion = 15.3;
					};
				};
			};
			buildConfigurationList = A6C070582BBE97BE000F46B8 /* Build configuration list for PBXProject "Navigation" */;
			compatibilityVersion = "Xcode 14.0";
			developmentRegion = en;
			hasScannedForEncodings = 0;
			knownRegions = (
				en,
				Base,
			);
			mainGroup = A6C070542BBE97BE000F46B8;
			productRefGroup = A6C0705E2BBE97BE000F46B8 /* Products */;
			projectDirPath = "";
			projectRoot = "";
			targets = (
				A6C0705C2BBE97BE000F46B8 /* Navigation */,
			);
		};
/* End PBXProject section */

/* Begin PBXResourcesBuildPhase section */
		A6C0705B2BBE97BE000F46B8 /* Resources */ = {
			isa = PBXResourcesBuildPhase;
			buildActionMask = 2147483647;
			files = (
				A6C0706A2BBE97BF000F46B8 /* Assets.xcassets in Resources */,
				A6C0706D2BBE97BF000F46B8 /* Base in Resources */,
			);
			runOnlyForDeploymentPostprocessing = 0;
		};
/* End PBXResourcesBuildPhase section */

/* Begin PBXSourcesBuildPhase section */
		A6C070592BBE97BE000F46B8 /* Sources */ = {
			isa = PBXSourcesBuildPhase;
			buildActionMask = 2147483647;
			files = (
				A675C2CD2BDB62690025465B /* PhotosTableViewCell.swift in Sources */,
				A675C2D12BDB81B20025465B /* PhotosCollectionViewCell.swift in Sources */,
				A675C2CF2BDB80B00025465B /* PhotosViewController.swift in Sources */,
				A6C0708A2BBEA961000F46B8 /* PostViewController.swift in Sources */,
				A6C070652BBE97BE000F46B8 /* ViewController.swift in Sources */,
				A6FFAE562BD28FD600D76E93 /* LogInViewController.swift in Sources */,
				A6C070612BBE97BE000F46B8 /* AppDelegate.swift in Sources */,
				A645203B2BBECB1000F49279 /* InfoViewController.swift in Sources */,
				A6FFAE5A2BD6744300D76E93 /* PostTableViewCell.swift in Sources */,
				A675C2D52BDB9B980025465B /* Photo.swift in Sources */,
				A6C070872BBEA918000F46B8 /* ProfileViewController.swift in Sources */,
				A6C070852BBEA8C0000F46B8 /* FeedViewController.swift in Sources */,
				A6C070632BBE97BE000F46B8 /* SceneDelegate.swift in Sources */,
				A6B8773A2BCCE4810071700D /* ProfileTableHeaderView.swift in Sources */,
				A6FFAE582BD4F34500D76E93 /* Post.swift in Sources */,
			);
			runOnlyForDeploymentPostprocessing = 0;
		};
/* End PBXSourcesBuildPhase section */

/* Begin PBXVariantGroup section */
		A6C0706B2BBE97BF000F46B8 /* LaunchScreen.storyboard */ = {
			isa = PBXVariantGroup;
			children = (
				A6C0706C2BBE97BF000F46B8 /* Base */,
			);
			name = LaunchScreen.storyboard;
			sourceTree = "<group>";
		};
/* End PBXVariantGroup section */

/* Begin XCBuildConfiguration section */
		A6C0706F2BBE97BF000F46B8 /* Debug */ = {
			isa = XCBuildConfiguration;
			buildSettings = {
				ALWAYS_SEARCH_USER_PATHS = NO;
				ASSETCATALOG_COMPILER_GENERATE_SWIFT_ASSET_SYMBOL_EXTENSIONS = YES;
				CLANG_ANALYZER_NONNULL = YES;
				CLANG_ANALYZER_NUMBER_OBJECT_CONVERSION = YES_AGGRESSIVE;
				CLANG_CXX_LANGUAGE_STANDARD = "gnu++20";
				CLANG_ENABLE_MODULES = YES;
				CLANG_ENABLE_OBJC_ARC = YES;
				CLANG_ENABLE_OBJC_WEAK = YES;
				CLANG_WARN_BLOCK_CAPTURE_AUTORELEASING = YES;
				CLANG_WARN_BOOL_CONVERSION = YES;
				CLANG_WARN_COMMA = YES;
				CLANG_WARN_CONSTANT_CONVERSION = YES;
				CLANG_WARN_DEPRECATED_OBJC_IMPLEMENTATIONS = YES;
				CLANG_WARN_DIRECT_OBJC_ISA_USAGE = YES_ERROR;
				CLANG_WARN_DOCUMENTATION_COMMENTS = YES;
				CLANG_WARN_EMPTY_BODY = YES;
				CLANG_WARN_ENUM_CONVERSION = YES;
				CLANG_WARN_INFINITE_RECURSION = YES;
				CLANG_WARN_INT_CONVERSION = YES;
				CLANG_WARN_NON_LITERAL_NULL_CONVERSION = YES;
				CLANG_WARN_OBJC_IMPLICIT_RETAIN_SELF = YES;
				CLANG_WARN_OBJC_LITERAL_CONVERSION = YES;
				CLANG_WARN_OBJC_ROOT_CLASS = YES_ERROR;
				CLANG_WARN_QUOTED_INCLUDE_IN_FRAMEWORK_HEADER = YES;
				CLANG_WARN_RANGE_LOOP_ANALYSIS = YES;
				CLANG_WARN_STRICT_PROTOTYPES = YES;
				CLANG_WARN_SUSPICIOUS_MOVE = YES;
				CLANG_WARN_UNGUARDED_AVAILABILITY = YES_AGGRESSIVE;
				CLANG_WARN_UNREACHABLE_CODE = YES;
				CLANG_WARN__DUPLICATE_METHOD_MATCH = YES;
				COPY_PHASE_STRIP = NO;
				DEBUG_INFORMATION_FORMAT = dwarf;
				ENABLE_STRICT_OBJC_MSGSEND = YES;
				ENABLE_TESTABILITY = YES;
				ENABLE_USER_SCRIPT_SANDBOXING = YES;
				GCC_C_LANGUAGE_STANDARD = gnu17;
				GCC_DYNAMIC_NO_PIC = NO;
				GCC_NO_COMMON_BLOCKS = YES;
				GCC_OPTIMIZATION_LEVEL = 0;
				GCC_PREPROCESSOR_DEFINITIONS = (
					"DEBUG=1",
					"$(inherited)",
				);
				GCC_WARN_64_TO_32_BIT_CONVERSION = YES;
				GCC_WARN_ABOUT_RETURN_TYPE = YES_ERROR;
				GCC_WARN_UNDECLARED_SELECTOR = YES;
				GCC_WARN_UNINITIALIZED_AUTOS = YES_AGGRESSIVE;
				GCC_WARN_UNUSED_FUNCTION = YES;
				GCC_WARN_UNUSED_VARIABLE = YES;
				IPHONEOS_DEPLOYMENT_TARGET = 17.4;
				LOCALIZATION_PREFERS_STRING_CATALOGS = YES;
				MTL_ENABLE_DEBUG_INFO = INCLUDE_SOURCE;
				MTL_FAST_MATH = YES;
				ONLY_ACTIVE_ARCH = YES;
				SDKROOT = iphoneos;
				SWIFT_ACTIVE_COMPILATION_CONDITIONS = "DEBUG $(inherited)";
				SWIFT_OPTIMIZATION_LEVEL = "-Onone";
			};
			name = Debug;
		};
		A6C070702BBE97BF000F46B8 /* Release */ = {
			isa = XCBuildConfiguration;
			buildSettings = {
				ALWAYS_SEARCH_USER_PATHS = NO;
				ASSETCATALOG_COMPILER_GENERATE_SWIFT_ASSET_SYMBOL_EXTENSIONS = YES;
				CLANG_ANALYZER_NONNULL = YES;
				CLANG_ANALYZER_NUMBER_OBJECT_CONVERSION = YES_AGGRESSIVE;
				CLANG_CXX_LANGUAGE_STANDARD = "gnu++20";
				CLANG_ENABLE_MODULES = YES;
				CLANG_ENABLE_OBJC_ARC = YES;
				CLANG_ENABLE_OBJC_WEAK = YES;
				CLANG_WARN_BLOCK_CAPTURE_AUTORELEASING = YES;
				CLANG_WARN_BOOL_CONVERSION = YES;
				CLANG_WARN_COMMA = YES;
				CLANG_WARN_CONSTANT_CONVERSION = YES;
				CLANG_WARN_DEPRECATED_OBJC_IMPLEMENTATIONS = YES;
				CLANG_WARN_DIRECT_OBJC_ISA_USAGE = YES_ERROR;
				CLANG_WARN_DOCUMENTATION_COMMENTS = YES;
				CLANG_WARN_EMPTY_BODY = YES;
				CLANG_WARN_ENUM_CONVERSION = YES;
				CLANG_WARN_INFINITE_RECURSION = YES;
				CLANG_WARN_INT_CONVERSION = YES;
				CLANG_WARN_NON_LITERAL_NULL_CONVERSION = YES;
				CLANG_WARN_OBJC_IMPLICIT_RETAIN_SELF = YES;
				CLANG_WARN_OBJC_LITERAL_CONVERSION = YES;
				CLANG_WARN_OBJC_ROOT_CLASS = YES_ERROR;
				CLANG_WARN_QUOTED_INCLUDE_IN_FRAMEWORK_HEADER = YES;
				CLANG_WARN_RANGE_LOOP_ANALYSIS = YES;
				CLANG_WARN_STRICT_PROTOTYPES = YES;
				CLANG_WARN_SUSPICIOUS_MOVE = YES;
				CLANG_WARN_UNGUARDED_AVAILABILITY = YES_AGGRESSIVE;
				CLANG_WARN_UNREACHABLE_CODE = YES;
				CLANG_WARN__DUPLICATE_METHOD_MATCH = YES;
				COPY_PHASE_STRIP = NO;
				DEBUG_INFORMATION_FORMAT = "dwarf-with-dsym";
				ENABLE_NS_ASSERTIONS = NO;
				ENABLE_STRICT_OBJC_MSGSEND = YES;
				ENABLE_USER_SCRIPT_SANDBOXING = YES;
				GCC_C_LANGUAGE_STANDARD = gnu17;
				GCC_NO_COMMON_BLOCKS = YES;
				GCC_WARN_64_TO_32_BIT_CONVERSION = YES;
				GCC_WARN_ABOUT_RETURN_TYPE = YES_ERROR;
				GCC_WARN_UNDECLARED_SELECTOR = YES;
				GCC_WARN_UNINITIALIZED_AUTOS = YES_AGGRESSIVE;
				GCC_WARN_UNUSED_FUNCTION = YES;
				GCC_WARN_UNUSED_VARIABLE = YES;
				IPHONEOS_DEPLOYMENT_TARGET = 17.4;
				LOCALIZATION_PREFERS_STRING_CATALOGS = YES;
				MTL_ENABLE_DEBUG_INFO = NO;
				MTL_FAST_MATH = YES;
				SDKROOT = iphoneos;
				SWIFT_COMPILATION_MODE = wholemodule;
				VALIDATE_PRODUCT = YES;
			};
			name = Release;
		};
		A6C070722BBE97BF000F46B8 /* Debug */ = {
			isa = XCBuildConfiguration;
			buildSettings = {
				ASSETCATALOG_COMPILER_APPICON_NAME = AppIcon;
				ASSETCATALOG_COMPILER_GLOBAL_ACCENT_COLOR_NAME = AccentColor;
				CODE_SIGN_STYLE = Automatic;
				CURRENT_PROJECT_VERSION = 1;
				DEVELOPMENT_TEAM = 6HXXQ2J2A4;
				GENERATE_INFOPLIST_FILE = YES;
				INFOPLIST_FILE = Navigation/Info.plist;
				INFOPLIST_KEY_UIApplicationSupportsIndirectInputEvents = YES;
				INFOPLIST_KEY_UILaunchStoryboardName = LaunchScreen;
				INFOPLIST_KEY_UISupportedInterfaceOrientations_iPad = "UIInterfaceOrientationPortrait UIInterfaceOrientationPortraitUpsideDown UIInterfaceOrientationLandscapeLeft UIInterfaceOrientationLandscapeRight";
				INFOPLIST_KEY_UISupportedInterfaceOrientations_iPhone = "UIInterfaceOrientationPortrait UIInterfaceOrientationLandscapeLeft UIInterfaceOrientationLandscapeRight";
				LD_RUNPATH_SEARCH_PATHS = (
					"$(inherited)",
					"@executable_path/Frameworks",
				);
				MARKETING_VERSION = 1.0;
				PRODUCT_BUNDLE_IDENTIFIER = ru.eva.llee.Navigation;
				PRODUCT_NAME = "$(TARGET_NAME)";
				SUPPORTED_PLATFORMS = "iphoneos iphonesimulator";
				SUPPORTS_MACCATALYST = NO;
				SUPPORTS_MAC_DESIGNED_FOR_IPHONE_IPAD = NO;
				SUPPORTS_XR_DESIGNED_FOR_IPHONE_IPAD = NO;
				SWIFT_EMIT_LOC_STRINGS = YES;
				SWIFT_VERSION = 5.0;
				TARGETED_DEVICE_FAMILY = 1;
			};
			name = Debug;
		};
		A6C070732BBE97BF000F46B8 /* Release */ = {
			isa = XCBuildConfiguration;
			buildSettings = {
				ASSETCATALOG_COMPILER_APPICON_NAME = AppIcon;
				ASSETCATALOG_COMPILER_GLOBAL_ACCENT_COLOR_NAME = AccentColor;
				CODE_SIGN_STYLE = Automatic;
				CURRENT_PROJECT_VERSION = 1;
				DEVELOPMENT_TEAM = 6HXXQ2J2A4;
				GENERATE_INFOPLIST_FILE = YES;
				INFOPLIST_FILE = Navigation/Info.plist;
				INFOPLIST_KEY_UIApplicationSupportsIndirectInputEvents = YES;
				INFOPLIST_KEY_UILaunchStoryboardName = LaunchScreen;
				INFOPLIST_KEY_UISupportedInterfaceOrientations_iPad = "UIInterfaceOrientationPortrait UIInterfaceOrientationPortraitUpsideDown UIInterfaceOrientationLandscapeLeft UIInterfaceOrientationLandscapeRight";
				INFOPLIST_KEY_UISupportedInterfaceOrientations_iPhone = "UIInterfaceOrientationPortrait UIInterfaceOrientationLandscapeLeft UIInterfaceOrientationLandscapeRight";
				LD_RUNPATH_SEARCH_PATHS = (
					"$(inherited)",
					"@executable_path/Frameworks",
				);
				MARKETING_VERSION = 1.0;
				PRODUCT_BUNDLE_IDENTIFIER = ru.eva.llee.Navigation;
				PRODUCT_NAME = "$(TARGET_NAME)";
				SUPPORTED_PLATFORMS = "iphoneos iphonesimulator";
				SUPPORTS_MACCATALYST = NO;
				SUPPORTS_MAC_DESIGNED_FOR_IPHONE_IPAD = NO;
				SUPPORTS_XR_DESIGNED_FOR_IPHONE_IPAD = NO;
				SWIFT_EMIT_LOC_STRINGS = YES;
				SWIFT_VERSION = 5.0;
				TARGETED_DEVICE_FAMILY = 1;
			};
			name = Release;
		};
/* End XCBuildConfiguration section */

/* Begin XCConfigurationList section */
		A6C070582BBE97BE000F46B8 /* Build configuration list for PBXProject "Navigation" */ = {
			isa = XCConfigurationList;
			buildConfigurations = (
				A6C0706F2BBE97BF000F46B8 /* Debug */,
				A6C070702BBE97BF000F46B8 /* Release */,
			);
			defaultConfigurationIsVisible = 0;
			defaultConfigurationName = Release;
		};
		A6C070712BBE97BF000F46B8 /* Build configuration list for PBXNativeTarget "Navigation" */ = {
			isa = XCConfigurationList;
			buildConfigurations = (
				A6C070722BBE97BF000F46B8 /* Debug */,
				A6C070732BBE97BF000F46B8 /* Release */,
			);
			defaultConfigurationIsVisible = 0;
			defaultConfigurationName = Release;
		};
/* End XCConfigurationList section */
	};
	rootObject = A6C070552BBE97BE000F46B8 /* Project object */;
}
